
Microsoft Visual Studio Solution File, Format Version 12.00
# Visual Studio Version 17
VisualStudioVersion = 17.4.33213.308
MinimumVisualStudioVersion = 10.0.40219.1
Project("{FAE04EC0-301F-11D3-BF4B-00C04F79EFBC}") = "Genetic Art", "Genetic Art\Genetic Art.csproj", "{B101FC62-7C13-4AA5-9DE4-E4D98412ACA9}"
EndProject
Global
	GlobalSection(SolutionConfigurationPlatforms) = preSolution
		Debug|Any CPU = Debug|Any CPU
		Release|Any CPU = Release|Any CPU
	EndGlobalSection
	GlobalSection(ProjectConfigurationPlatforms) = postSolution
		{B101FC62-7C13-4AA5-9DE4-E4D98412ACA9}.Debug|Any CPU.ActiveCfg = Debug|Any CPU
		{B101FC62-7C13-4AA5-9DE4-E4D98412ACA9}.Debug|Any CPU.Build.0 = Debug|Any CPU
		{B101FC62-7C13-4AA5-9DE4-E4D98412ACA9}.Release|Any CPU.ActiveCfg = Release|Any CPU
		{B101FC62-7C13-4AA5-9DE4-E4D98412ACA9}.Release|Any CPU.Build.0 = Release|Any CPU
	EndGlobalSection
	GlobalSection(SolutionProperties) = preSolution
		HideSolutionNode = FALSE
	EndGlobalSection
	GlobalSection(ExtensibilityGlobals) = postSolution
		SolutionGuid = {8CB4FA62-5FBE-4EB6-8100-E01C5DEDD95C}
	EndGlobalSection
EndGlobal
